
Microsoft Visual Studio Solution File, Format Version 12.00
# Visual Studio 14
VisualStudioVersion = 14.0.25420.1
MinimumVisualStudioVersion = 10.0.40219.1
Project("{FAE04EC0-301F-11D3-BF4B-00C04F79EFBC}") = "MvvX.Plugins.HockeyApp", "MvvX.Plugins.HockeyApp\MvvX.Plugins.HockeyApp.csproj", "{2C13C7C5-AFF2-4DCF-B636-9A24E925ACA7}"
EndProject
Project("{2150E333-8FDC-42A3-9474-1A3956D46DE8}") = "Interface", "Interface", "{EFA9F083-4AA5-4910-96C4-177E1A1082E4}"
EndProject
Project("{2150E333-8FDC-42A3-9474-1A3956D46DE8}") = "Platforms", "Platforms", "{C37CAF40-9C38-4437-8910-2772A46098F7}"
EndProject
Project("{FAE04EC0-301F-11D3-BF4B-00C04F79EFBC}") = "MvvX.Plugins.HockeyApp.Wpf", "MvvX.Plugins.HockeyApp.Wpf\MvvX.Plugins.HockeyApp.Wpf.csproj", "{5F1279DB-467D-4452-BB3F-B4C4A32F999F}"
EndProject
Project("{FAE04EC0-301F-11D3-BF4B-00C04F79EFBC}") = "MvvX.Plugins.HockeyApp.Droid", "MvvX.Plugins.HockeyApp.Droid\MvvX.Plugins.HockeyApp.Droid.csproj", "{D6BE718A-762F-47AD-9FCF-E3C85E3AEFF3}"
EndProject
Project("{FAE04EC0-301F-11D3-BF4B-00C04F79EFBC}") = "MvvX.Plugins.HockeyApp.Touch", "MvvX.Plugins.HockeyApp.Touch\MvvX.Plugins.HockeyApp.Touch.csproj", "{BA833DB0-F146-4147-B301-765D4ED0FDB8}"
EndProject
Project("{FAE04EC0-301F-11D3-BF4B-00C04F79EFBC}") = "MvvX.Plugins.HockeyApp.WindowsUWP", "MvvX.Plugins.HockeyApp.WindowsUWP\MvvX.Plugins.HockeyApp.WindowsUWP.csproj", "{5708562C-DB7D-4930-9B82-2E51B3774110}"
EndProject
Project("{2150E333-8FDC-42A3-9474-1A3956D46DE8}") = "Test", "Test", "{4A5BCF1D-BEBF-470A-AF9F-F94AC45FA355}"
EndProject
Project("{FAE04EC0-301F-11D3-BF4B-00C04F79EFBC}") = "Client.Windows", "Client.Windows\Client.Windows.csproj", "{D182E059-C408-4EE4-81B7-01AC4B438CC5}"
EndProject
Project("{FAE04EC0-301F-11D3-BF4B-00C04F79EFBC}") = "Client.UWP", "Client.UWP\Client.UWP.csproj", "{D7E013C3-5EB1-4AF9-AB31-A6A1FDA44E90}"
EndProject
Project("{FAE04EC0-301F-11D3-BF4B-00C04F79EFBC}") = "Client.Android", "Client.Android\Client.Android.csproj", "{FC443998-1F23-4A2D-AED0-86D95DDE57ED}"
EndProject
Project("{FAE04EC0-301F-11D3-BF4B-00C04F79EFBC}") = "Client.iOS", "Client.iOS\Client.iOS.csproj", "{14072E24-95AE-4EDC-9DBF-AF785154B265}"
EndProject
Global
	GlobalSection(SolutionConfigurationPlatforms) = preSolution
		Ad-Hoc|Any CPU = Ad-Hoc|Any CPU
		Ad-Hoc|ARM = Ad-Hoc|ARM
		Ad-Hoc|iPhone = Ad-Hoc|iPhone
		Ad-Hoc|iPhoneSimulator = Ad-Hoc|iPhoneSimulator
		Ad-Hoc|x64 = Ad-Hoc|x64
		Ad-Hoc|x86 = Ad-Hoc|x86
		AppStore|Any CPU = AppStore|Any CPU
		AppStore|ARM = AppStore|ARM
		AppStore|iPhone = AppStore|iPhone
		AppStore|iPhoneSimulator = AppStore|iPhoneSimulator
		AppStore|x64 = AppStore|x64
		AppStore|x86 = AppStore|x86
		Debug|Any CPU = Debug|Any CPU
		Debug|ARM = Debug|ARM
		Debug|iPhone = Debug|iPhone
		Debug|iPhoneSimulator = Debug|iPhoneSimulator
		Debug|x64 = Debug|x64
		Debug|x86 = Debug|x86
		Release|Any CPU = Release|Any CPU
		Release|ARM = Release|ARM
		Release|iPhone = Release|iPhone
		Release|iPhoneSimulator = Release|iPhoneSimulator
		Release|x64 = Release|x64
		Release|x86 = Release|x86
	EndGlobalSection
	GlobalSection(ProjectConfigurationPlatforms) = postSolution
		{2C13C7C5-AFF2-4DCF-B636-9A24E925ACA7}.Ad-Hoc|Any CPU.ActiveCfg = Debug|Any CPU
		{2C13C7C5-AFF2-4DCF-B636-9A24E925ACA7}.Ad-Hoc|Any CPU.Build.0 = Debug|Any CPU
		{2C13C7C5-AFF2-4DCF-B636-9A24E925ACA7}.Ad-Hoc|ARM.ActiveCfg = Debug|Any CPU
		{2C13C7C5-AFF2-4DCF-B636-9A24E925ACA7}.Ad-Hoc|ARM.Build.0 = Debug|Any CPU
		{2C13C7C5-AFF2-4DCF-B636-9A24E925ACA7}.Ad-Hoc|iPhone.ActiveCfg = Debug|Any CPU
		{2C13C7C5-AFF2-4DCF-B636-9A24E925ACA7}.Ad-Hoc|iPhone.Build.0 = Debug|Any CPU
		{2C13C7C5-AFF2-4DCF-B636-9A24E925ACA7}.Ad-Hoc|iPhoneSimulator.ActiveCfg = Debug|Any CPU
		{2C13C7C5-AFF2-4DCF-B636-9A24E925ACA7}.Ad-Hoc|iPhoneSimulator.Build.0 = Debug|Any CPU
		{2C13C7C5-AFF2-4DCF-B636-9A24E925ACA7}.Ad-Hoc|x64.ActiveCfg = Debug|Any CPU
		{2C13C7C5-AFF2-4DCF-B636-9A24E925ACA7}.Ad-Hoc|x64.Build.0 = Debug|Any CPU
		{2C13C7C5-AFF2-4DCF-B636-9A24E925ACA7}.Ad-Hoc|x86.ActiveCfg = Debug|Any CPU
		{2C13C7C5-AFF2-4DCF-B636-9A24E925ACA7}.Ad-Hoc|x86.Build.0 = Debug|Any CPU
		{2C13C7C5-AFF2-4DCF-B636-9A24E925ACA7}.AppStore|Any CPU.ActiveCfg = Release|Any CPU
		{2C13C7C5-AFF2-4DCF-B636-9A24E925ACA7}.AppStore|Any CPU.Build.0 = Release|Any CPU
		{2C13C7C5-AFF2-4DCF-B636-9A24E925ACA7}.AppStore|ARM.ActiveCfg = Release|Any CPU
		{2C13C7C5-AFF2-4DCF-B636-9A24E925ACA7}.AppStore|ARM.Build.0 = Release|Any CPU
		{2C13C7C5-AFF2-4DCF-B636-9A24E925ACA7}.AppStore|iPhone.ActiveCfg = Debug|Any CPU
		{2C13C7C5-AFF2-4DCF-B636-9A24E925ACA7}.AppStore|iPhone.Build.0 = Debug|Any CPU
		{2C13C7C5-AFF2-4DCF-B636-9A24E925ACA7}.AppStore|iPhoneSimulator.ActiveCfg = Debug|Any CPU
		{2C13C7C5-AFF2-4DCF-B636-9A24E925ACA7}.AppStore|iPhoneSimulator.Build.0 = Debug|Any CPU
		{2C13C7C5-AFF2-4DCF-B636-9A24E925ACA7}.AppStore|x64.ActiveCfg = Release|Any CPU
		{2C13C7C5-AFF2-4DCF-B636-9A24E925ACA7}.AppStore|x64.Build.0 = Release|Any CPU
		{2C13C7C5-AFF2-4DCF-B636-9A24E925ACA7}.AppStore|x86.ActiveCfg = Release|Any CPU
		{2C13C7C5-AFF2-4DCF-B636-9A24E925ACA7}.AppStore|x86.Build.0 = Release|Any CPU
		{2C13C7C5-AFF2-4DCF-B636-9A24E925ACA7}.Debug|Any CPU.ActiveCfg = Debug|Any CPU
		{2C13C7C5-AFF2-4DCF-B636-9A24E925ACA7}.Debug|Any CPU.Build.0 = Debug|Any CPU
		{2C13C7C5-AFF2-4DCF-B636-9A24E925ACA7}.Debug|ARM.ActiveCfg = Debug|Any CPU
		{2C13C7C5-AFF2-4DCF-B636-9A24E925ACA7}.Debug|ARM.Build.0 = Debug|Any CPU
		{2C13C7C5-AFF2-4DCF-B636-9A24E925ACA7}.Debug|iPhone.ActiveCfg = Debug|Any CPU
		{2C13C7C5-AFF2-4DCF-B636-9A24E925ACA7}.Debug|iPhone.Build.0 = Debug|Any CPU
		{2C13C7C5-AFF2-4DCF-B636-9A24E925ACA7}.Debug|iPhoneSimulator.ActiveCfg = Debug|Any CPU
		{2C13C7C5-AFF2-4DCF-B636-9A24E925ACA7}.Debug|iPhoneSimulator.Build.0 = Debug|Any CPU
		{2C13C7C5-AFF2-4DCF-B636-9A24E925ACA7}.Debug|x64.ActiveCfg = Debug|Any CPU
		{2C13C7C5-AFF2-4DCF-B636-9A24E925ACA7}.Debug|x64.Build.0 = Debug|Any CPU
		{2C13C7C5-AFF2-4DCF-B636-9A24E925ACA7}.Debug|x86.ActiveCfg = Debug|Any CPU
		{2C13C7C5-AFF2-4DCF-B636-9A24E925ACA7}.Debug|x86.Build.0 = Debug|Any CPU
		{2C13C7C5-AFF2-4DCF-B636-9A24E925ACA7}.Release|Any CPU.ActiveCfg = Release|Any CPU
		{2C13C7C5-AFF2-4DCF-B636-9A24E925ACA7}.Release|Any CPU.Build.0 = Release|Any CPU
		{2C13C7C5-AFF2-4DCF-B636-9A24E925ACA7}.Release|ARM.ActiveCfg = Release|Any CPU
		{2C13C7C5-AFF2-4DCF-B636-9A24E925ACA7}.Release|ARM.Build.0 = Release|Any CPU
		{2C13C7C5-AFF2-4DCF-B636-9A24E925ACA7}.Release|iPhone.ActiveCfg = Release|Any CPU
		{2C13C7C5-AFF2-4DCF-B636-9A24E925ACA7}.Release|iPhone.Build.0 = Release|Any CPU
		{2C13C7C5-AFF2-4DCF-B636-9A24E925ACA7}.Release|iPhoneSimulator.ActiveCfg = Release|Any CPU
		{2C13C7C5-AFF2-4DCF-B636-9A24E925ACA7}.Release|iPhoneSimulator.Build.0 = Release|Any CPU
		{2C13C7C5-AFF2-4DCF-B636-9A24E925ACA7}.Release|x64.ActiveCfg = Release|Any CPU
		{2C13C7C5-AFF2-4DCF-B636-9A24E925ACA7}.Release|x64.Build.0 = Release|Any CPU
		{2C13C7C5-AFF2-4DCF-B636-9A24E925ACA7}.Release|x86.ActiveCfg = Release|Any CPU
		{2C13C7C5-AFF2-4DCF-B636-9A24E925ACA7}.Release|x86.Build.0 = Release|Any CPU
		{5F1279DB-467D-4452-BB3F-B4C4A32F999F}.Ad-Hoc|Any CPU.ActiveCfg = Debug|Any CPU
		{5F1279DB-467D-4452-BB3F-B4C4A32F999F}.Ad-Hoc|Any CPU.Build.0 = Debug|Any CPU
		{5F1279DB-467D-4452-BB3F-B4C4A32F999F}.Ad-Hoc|ARM.ActiveCfg = Debug|Any CPU
		{5F1279DB-467D-4452-BB3F-B4C4A32F999F}.Ad-Hoc|ARM.Build.0 = Debug|Any CPU
		{5F1279DB-467D-4452-BB3F-B4C4A32F999F}.Ad-Hoc|iPhone.ActiveCfg = Debug|Any CPU
		{5F1279DB-467D-4452-BB3F-B4C4A32F999F}.Ad-Hoc|iPhone.Build.0 = Debug|Any CPU
		{5F1279DB-467D-4452-BB3F-B4C4A32F999F}.Ad-Hoc|iPhoneSimulator.ActiveCfg = Debug|Any CPU
		{5F1279DB-467D-4452-BB3F-B4C4A32F999F}.Ad-Hoc|iPhoneSimulator.Build.0 = Debug|Any CPU
		{5F1279DB-467D-4452-BB3F-B4C4A32F999F}.Ad-Hoc|x64.ActiveCfg = Debug|Any CPU
		{5F1279DB-467D-4452-BB3F-B4C4A32F999F}.Ad-Hoc|x64.Build.0 = Debug|Any CPU
		{5F1279DB-467D-4452-BB3F-B4C4A32F999F}.Ad-Hoc|x86.ActiveCfg = Debug|Any CPU
		{5F1279DB-467D-4452-BB3F-B4C4A32F999F}.Ad-Hoc|x86.Build.0 = Debug|Any CPU
		{5F1279DB-467D-4452-BB3F-B4C4A32F999F}.AppStore|Any CPU.ActiveCfg = Release|Any CPU
		{5F1279DB-467D-4452-BB3F-B4C4A32F999F}.AppStore|Any CPU.Build.0 = Release|Any CPU
		{5F1279DB-467D-4452-BB3F-B4C4A32F999F}.AppStore|ARM.ActiveCfg = Release|Any CPU
		{5F1279DB-467D-4452-BB3F-B4C4A32F999F}.AppStore|ARM.Build.0 = Release|Any CPU
		{5F1279DB-467D-4452-BB3F-B4C4A32F999F}.AppStore|iPhone.ActiveCfg = Debug|Any CPU
		{5F1279DB-467D-4452-BB3F-B4C4A32F999F}.AppStore|iPhone.Build.0 = Debug|Any CPU
		{5F1279DB-467D-4452-BB3F-B4C4A32F999F}.AppStore|iPhoneSimulator.ActiveCfg = Debug|Any CPU
		{5F1279DB-467D-4452-BB3F-B4C4A32F999F}.AppStore|iPhoneSimulator.Build.0 = Debug|Any CPU
		{5F1279DB-467D-4452-BB3F-B4C4A32F999F}.AppStore|x64.ActiveCfg = Release|Any CPU
		{5F1279DB-467D-4452-BB3F-B4C4A32F999F}.AppStore|x64.Build.0 = Release|Any CPU
		{5F1279DB-467D-4452-BB3F-B4C4A32F999F}.AppStore|x86.ActiveCfg = Release|Any CPU
		{5F1279DB-467D-4452-BB3F-B4C4A32F999F}.AppStore|x86.Build.0 = Release|Any CPU
		{5F1279DB-467D-4452-BB3F-B4C4A32F999F}.Debug|Any CPU.ActiveCfg = Debug|Any CPU
		{5F1279DB-467D-4452-BB3F-B4C4A32F999F}.Debug|Any CPU.Build.0 = Debug|Any CPU
		{5F1279DB-467D-4452-BB3F-B4C4A32F999F}.Debug|ARM.ActiveCfg = Debug|Any CPU
		{5F1279DB-467D-4452-BB3F-B4C4A32F999F}.Debug|ARM.Build.0 = Debug|Any CPU
		{5F1279DB-467D-4452-BB3F-B4C4A32F999F}.Debug|iPhone.ActiveCfg = Debug|Any CPU
		{5F1279DB-467D-4452-BB3F-B4C4A32F999F}.Debug|iPhone.Build.0 = Debug|Any CPU
		{5F1279DB-467D-4452-BB3F-B4C4A32F999F}.Debug|iPhoneSimulator.ActiveCfg = Debug|Any CPU
		{5F1279DB-467D-4452-BB3F-B4C4A32F999F}.Debug|iPhoneSimulator.Build.0 = Debug|Any CPU
		{5F1279DB-467D-4452-BB3F-B4C4A32F999F}.Debug|x64.ActiveCfg = Debug|Any CPU
		{5F1279DB-467D-4452-BB3F-B4C4A32F999F}.Debug|x64.Build.0 = Debug|Any CPU
		{5F1279DB-467D-4452-BB3F-B4C4A32F999F}.Debug|x86.ActiveCfg = Debug|Any CPU
		{5F1279DB-467D-4452-BB3F-B4C4A32F999F}.Debug|x86.Build.0 = Debug|Any CPU
		{5F1279DB-467D-4452-BB3F-B4C4A32F999F}.Release|Any CPU.ActiveCfg = Release|Any CPU
		{5F1279DB-467D-4452-BB3F-B4C4A32F999F}.Release|Any CPU.Build.0 = Release|Any CPU
		{5F1279DB-467D-4452-BB3F-B4C4A32F999F}.Release|ARM.ActiveCfg = Release|Any CPU
		{5F1279DB-467D-4452-BB3F-B4C4A32F999F}.Release|ARM.Build.0 = Release|Any CPU
		{5F1279DB-467D-4452-BB3F-B4C4A32F999F}.Release|iPhone.ActiveCfg = Release|Any CPU
		{5F1279DB-467D-4452-BB3F-B4C4A32F999F}.Release|iPhone.Build.0 = Release|Any CPU
		{5F1279DB-467D-4452-BB3F-B4C4A32F999F}.Release|iPhoneSimulator.ActiveCfg = Release|Any CPU
		{5F1279DB-467D-4452-BB3F-B4C4A32F999F}.Release|iPhoneSimulator.Build.0 = Release|Any CPU
		{5F1279DB-467D-4452-BB3F-B4C4A32F999F}.Release|x64.ActiveCfg = Release|Any CPU
		{5F1279DB-467D-4452-BB3F-B4C4A32F999F}.Release|x64.Build.0 = Release|Any CPU
		{5F1279DB-467D-4452-BB3F-B4C4A32F999F}.Release|x86.ActiveCfg = Release|Any CPU
		{5F1279DB-467D-4452-BB3F-B4C4A32F999F}.Release|x86.Build.0 = Release|Any CPU
		{D6BE718A-762F-47AD-9FCF-E3C85E3AEFF3}.Ad-Hoc|Any CPU.ActiveCfg = Debug|Any CPU
		{D6BE718A-762F-47AD-9FCF-E3C85E3AEFF3}.Ad-Hoc|Any CPU.Build.0 = Debug|Any CPU
		{D6BE718A-762F-47AD-9FCF-E3C85E3AEFF3}.Ad-Hoc|ARM.ActiveCfg = Debug|Any CPU
		{D6BE718A-762F-47AD-9FCF-E3C85E3AEFF3}.Ad-Hoc|ARM.Build.0 = Debug|Any CPU
		{D6BE718A-762F-47AD-9FCF-E3C85E3AEFF3}.Ad-Hoc|iPhone.ActiveCfg = Debug|Any CPU
		{D6BE718A-762F-47AD-9FCF-E3C85E3AEFF3}.Ad-Hoc|iPhone.Build.0 = Debug|Any CPU
		{D6BE718A-762F-47AD-9FCF-E3C85E3AEFF3}.Ad-Hoc|iPhoneSimulator.ActiveCfg = Debug|Any CPU
		{D6BE718A-762F-47AD-9FCF-E3C85E3AEFF3}.Ad-Hoc|iPhoneSimulator.Build.0 = Debug|Any CPU
		{D6BE718A-762F-47AD-9FCF-E3C85E3AEFF3}.Ad-Hoc|x64.ActiveCfg = Debug|Any CPU
		{D6BE718A-762F-47AD-9FCF-E3C85E3AEFF3}.Ad-Hoc|x64.Build.0 = Debug|Any CPU
		{D6BE718A-762F-47AD-9FCF-E3C85E3AEFF3}.Ad-Hoc|x86.ActiveCfg = Debug|Any CPU
		{D6BE718A-762F-47AD-9FCF-E3C85E3AEFF3}.Ad-Hoc|x86.Build.0 = Debug|Any CPU
		{D6BE718A-762F-47AD-9FCF-E3C85E3AEFF3}.AppStore|Any CPU.ActiveCfg = Release|Any CPU
		{D6BE718A-762F-47AD-9FCF-E3C85E3AEFF3}.AppStore|Any CPU.Build.0 = Release|Any CPU
		{D6BE718A-762F-47AD-9FCF-E3C85E3AEFF3}.AppStore|ARM.ActiveCfg = Release|Any CPU
		{D6BE718A-762F-47AD-9FCF-E3C85E3AEFF3}.AppStore|ARM.Build.0 = Release|Any CPU
		{D6BE718A-762F-47AD-9FCF-E3C85E3AEFF3}.AppStore|iPhone.ActiveCfg = Debug|Any CPU
		{D6BE718A-762F-47AD-9FCF-E3C85E3AEFF3}.AppStore|iPhone.Build.0 = Debug|Any CPU
		{D6BE718A-762F-47AD-9FCF-E3C85E3AEFF3}.AppStore|iPhoneSimulator.ActiveCfg = Debug|Any CPU
		{D6BE718A-762F-47AD-9FCF-E3C85E3AEFF3}.AppStore|iPhoneSimulator.Build.0 = Debug|Any CPU
		{D6BE718A-762F-47AD-9FCF-E3C85E3AEFF3}.AppStore|x64.ActiveCfg = Release|Any CPU
		{D6BE718A-762F-47AD-9FCF-E3C85E3AEFF3}.AppStore|x64.Build.0 = Release|Any CPU
		{D6BE718A-762F-47AD-9FCF-E3C85E3AEFF3}.AppStore|x86.ActiveCfg = Release|Any CPU
		{D6BE718A-762F-47AD-9FCF-E3C85E3AEFF3}.AppStore|x86.Build.0 = Release|Any CPU
		{D6BE718A-762F-47AD-9FCF-E3C85E3AEFF3}.Debug|Any CPU.ActiveCfg = Debug|Any CPU
		{D6BE718A-762F-47AD-9FCF-E3C85E3AEFF3}.Debug|Any CPU.Build.0 = Debug|Any CPU
		{D6BE718A-762F-47AD-9FCF-E3C85E3AEFF3}.Debug|ARM.ActiveCfg = Debug|Any CPU
		{D6BE718A-762F-47AD-9FCF-E3C85E3AEFF3}.Debug|ARM.Build.0 = Debug|Any CPU
		{D6BE718A-762F-47AD-9FCF-E3C85E3AEFF3}.Debug|iPhone.ActiveCfg = Debug|Any CPU
		{D6BE718A-762F-47AD-9FCF-E3C85E3AEFF3}.Debug|iPhone.Build.0 = Debug|Any CPU
		{D6BE718A-762F-47AD-9FCF-E3C85E3AEFF3}.Debug|iPhoneSimulator.ActiveCfg = Debug|Any CPU
		{D6BE718A-762F-47AD-9FCF-E3C85E3AEFF3}.Debug|iPhoneSimulator.Build.0 = Debug|Any CPU
		{D6BE718A-762F-47AD-9FCF-E3C85E3AEFF3}.Debug|x64.ActiveCfg = Debug|Any CPU
		{D6BE718A-762F-47AD-9FCF-E3C85E3AEFF3}.Debug|x64.Build.0 = Debug|Any CPU
		{D6BE718A-762F-47AD-9FCF-E3C85E3AEFF3}.Debug|x86.ActiveCfg = Debug|Any CPU
		{D6BE718A-762F-47AD-9FCF-E3C85E3AEFF3}.Debug|x86.Build.0 = Debug|Any CPU
		{D6BE718A-762F-47AD-9FCF-E3C85E3AEFF3}.Release|Any CPU.ActiveCfg = Release|Any CPU
		{D6BE718A-762F-47AD-9FCF-E3C85E3AEFF3}.Release|Any CPU.Build.0 = Release|Any CPU
		{D6BE718A-762F-47AD-9FCF-E3C85E3AEFF3}.Release|ARM.ActiveCfg = Release|Any CPU
		{D6BE718A-762F-47AD-9FCF-E3C85E3AEFF3}.Release|ARM.Build.0 = Release|Any CPU
		{D6BE718A-762F-47AD-9FCF-E3C85E3AEFF3}.Release|iPhone.ActiveCfg = Release|Any CPU
		{D6BE718A-762F-47AD-9FCF-E3C85E3AEFF3}.Release|iPhone.Build.0 = Release|Any CPU
		{D6BE718A-762F-47AD-9FCF-E3C85E3AEFF3}.Release|iPhoneSimulator.ActiveCfg = Release|Any CPU
		{D6BE718A-762F-47AD-9FCF-E3C85E3AEFF3}.Release|iPhoneSimulator.Build.0 = Release|Any CPU
		{D6BE718A-762F-47AD-9FCF-E3C85E3AEFF3}.Release|x64.ActiveCfg = Release|Any CPU
		{D6BE718A-762F-47AD-9FCF-E3C85E3AEFF3}.Release|x64.Build.0 = Release|Any CPU
		{D6BE718A-762F-47AD-9FCF-E3C85E3AEFF3}.Release|x86.ActiveCfg = Release|Any CPU
		{D6BE718A-762F-47AD-9FCF-E3C85E3AEFF3}.Release|x86.Build.0 = Release|Any CPU
		{BA833DB0-F146-4147-B301-765D4ED0FDB8}.Ad-Hoc|Any CPU.ActiveCfg = Debug|Any CPU
		{BA833DB0-F146-4147-B301-765D4ED0FDB8}.Ad-Hoc|Any CPU.Build.0 = Debug|Any CPU
		{BA833DB0-F146-4147-B301-765D4ED0FDB8}.Ad-Hoc|ARM.ActiveCfg = Debug|Any CPU
		{BA833DB0-F146-4147-B301-765D4ED0FDB8}.Ad-Hoc|ARM.Build.0 = Debug|Any CPU
		{BA833DB0-F146-4147-B301-765D4ED0FDB8}.Ad-Hoc|iPhone.ActiveCfg = Debug|Any CPU
		{BA833DB0-F146-4147-B301-765D4ED0FDB8}.Ad-Hoc|iPhone.Build.0 = Debug|Any CPU
		{BA833DB0-F146-4147-B301-765D4ED0FDB8}.Ad-Hoc|iPhoneSimulator.ActiveCfg = Debug|Any CPU
		{BA833DB0-F146-4147-B301-765D4ED0FDB8}.Ad-Hoc|iPhoneSimulator.Build.0 = Debug|Any CPU
		{BA833DB0-F146-4147-B301-765D4ED0FDB8}.Ad-Hoc|x64.ActiveCfg = Debug|Any CPU
		{BA833DB0-F146-4147-B301-765D4ED0FDB8}.Ad-Hoc|x64.Build.0 = Debug|Any CPU
		{BA833DB0-F146-4147-B301-765D4ED0FDB8}.Ad-Hoc|x86.ActiveCfg = Debug|Any CPU
		{BA833DB0-F146-4147-B301-765D4ED0FDB8}.Ad-Hoc|x86.Build.0 = Debug|Any CPU
		{BA833DB0-F146-4147-B301-765D4ED0FDB8}.AppStore|Any CPU.ActiveCfg = Release|Any CPU
		{BA833DB0-F146-4147-B301-765D4ED0FDB8}.AppStore|Any CPU.Build.0 = Release|Any CPU
		{BA833DB0-F146-4147-B301-765D4ED0FDB8}.AppStore|ARM.ActiveCfg = Release|Any CPU
		{BA833DB0-F146-4147-B301-765D4ED0FDB8}.AppStore|ARM.Build.0 = Release|Any CPU
		{BA833DB0-F146-4147-B301-765D4ED0FDB8}.AppStore|iPhone.ActiveCfg = Debug|Any CPU
		{BA833DB0-F146-4147-B301-765D4ED0FDB8}.AppStore|iPhone.Build.0 = Debug|Any CPU
		{BA833DB0-F146-4147-B301-765D4ED0FDB8}.AppStore|iPhoneSimulator.ActiveCfg = Debug|Any CPU
		{BA833DB0-F146-4147-B301-765D4ED0FDB8}.AppStore|iPhoneSimulator.Build.0 = Debug|Any CPU
		{BA833DB0-F146-4147-B301-765D4ED0FDB8}.AppStore|x64.ActiveCfg = Release|Any CPU
		{BA833DB0-F146-4147-B301-765D4ED0FDB8}.AppStore|x64.Build.0 = Release|Any CPU
		{BA833DB0-F146-4147-B301-765D4ED0FDB8}.AppStore|x86.ActiveCfg = Release|Any CPU
		{BA833DB0-F146-4147-B301-765D4ED0FDB8}.AppStore|x86.Build.0 = Release|Any CPU
		{BA833DB0-F146-4147-B301-765D4ED0FDB8}.Debug|Any CPU.ActiveCfg = Debug|Any CPU
		{BA833DB0-F146-4147-B301-765D4ED0FDB8}.Debug|Any CPU.Build.0 = Debug|Any CPU
		{BA833DB0-F146-4147-B301-765D4ED0FDB8}.Debug|ARM.ActiveCfg = Debug|Any CPU
		{BA833DB0-F146-4147-B301-765D4ED0FDB8}.Debug|ARM.Build.0 = Debug|Any CPU
		{BA833DB0-F146-4147-B301-765D4ED0FDB8}.Debug|iPhone.ActiveCfg = Debug|Any CPU
		{BA833DB0-F146-4147-B301-765D4ED0FDB8}.Debug|iPhone.Build.0 = Debug|Any CPU
		{BA833DB0-F146-4147-B301-765D4ED0FDB8}.Debug|iPhoneSimulator.ActiveCfg = Debug|Any CPU
		{BA833DB0-F146-4147-B301-765D4ED0FDB8}.Debug|iPhoneSimulator.Build.0 = Debug|Any CPU
		{BA833DB0-F146-4147-B301-765D4ED0FDB8}.Debug|x64.ActiveCfg = Debug|Any CPU
		{BA833DB0-F146-4147-B301-765D4ED0FDB8}.Debug|x64.Build.0 = Debug|Any CPU
		{BA833DB0-F146-4147-B301-765D4ED0FDB8}.Debug|x86.ActiveCfg = Debug|Any CPU
		{BA833DB0-F146-4147-B301-765D4ED0FDB8}.Debug|x86.Build.0 = Debug|Any CPU
		{BA833DB0-F146-4147-B301-765D4ED0FDB8}.Release|Any CPU.ActiveCfg = Release|Any CPU
		{BA833DB0-F146-4147-B301-765D4ED0FDB8}.Release|Any CPU.Build.0 = Release|Any CPU
		{BA833DB0-F146-4147-B301-765D4ED0FDB8}.Release|ARM.ActiveCfg = Release|Any CPU
		{BA833DB0-F146-4147-B301-765D4ED0FDB8}.Release|ARM.Build.0 = Release|Any CPU
		{BA833DB0-F146-4147-B301-765D4ED0FDB8}.Release|iPhone.ActiveCfg = Release|Any CPU
		{BA833DB0-F146-4147-B301-765D4ED0FDB8}.Release|iPhone.Build.0 = Release|Any CPU
		{BA833DB0-F146-4147-B301-765D4ED0FDB8}.Release|iPhoneSimulator.ActiveCfg = Release|Any CPU
		{BA833DB0-F146-4147-B301-765D4ED0FDB8}.Release|iPhoneSimulator.Build.0 = Release|Any CPU
		{BA833DB0-F146-4147-B301-765D4ED0FDB8}.Release|x64.ActiveCfg = Release|Any CPU
		{BA833DB0-F146-4147-B301-765D4ED0FDB8}.Release|x64.Build.0 = Release|Any CPU
		{BA833DB0-F146-4147-B301-765D4ED0FDB8}.Release|x86.ActiveCfg = Release|Any CPU
		{BA833DB0-F146-4147-B301-765D4ED0FDB8}.Release|x86.Build.0 = Release|Any CPU
		{5708562C-DB7D-4930-9B82-2E51B3774110}.Ad-Hoc|Any CPU.ActiveCfg = Debug|Any CPU
		{5708562C-DB7D-4930-9B82-2E51B3774110}.Ad-Hoc|Any CPU.Build.0 = Debug|Any CPU
		{5708562C-DB7D-4930-9B82-2E51B3774110}.Ad-Hoc|ARM.ActiveCfg = Debug|ARM
		{5708562C-DB7D-4930-9B82-2E51B3774110}.Ad-Hoc|ARM.Build.0 = Debug|ARM
		{5708562C-DB7D-4930-9B82-2E51B3774110}.Ad-Hoc|iPhone.ActiveCfg = Debug|Any CPU
		{5708562C-DB7D-4930-9B82-2E51B3774110}.Ad-Hoc|iPhone.Build.0 = Debug|Any CPU
		{5708562C-DB7D-4930-9B82-2E51B3774110}.Ad-Hoc|iPhoneSimulator.ActiveCfg = Debug|Any CPU
		{5708562C-DB7D-4930-9B82-2E51B3774110}.Ad-Hoc|iPhoneSimulator.Build.0 = Debug|Any CPU
		{5708562C-DB7D-4930-9B82-2E51B3774110}.Ad-Hoc|x64.ActiveCfg = Debug|x64
		{5708562C-DB7D-4930-9B82-2E51B3774110}.Ad-Hoc|x64.Build.0 = Debug|x64
		{5708562C-DB7D-4930-9B82-2E51B3774110}.Ad-Hoc|x86.ActiveCfg = Debug|x86
		{5708562C-DB7D-4930-9B82-2E51B3774110}.Ad-Hoc|x86.Build.0 = Debug|x86
		{5708562C-DB7D-4930-9B82-2E51B3774110}.AppStore|Any CPU.ActiveCfg = Release|Any CPU
		{5708562C-DB7D-4930-9B82-2E51B3774110}.AppStore|Any CPU.Build.0 = Release|Any CPU
		{5708562C-DB7D-4930-9B82-2E51B3774110}.AppStore|ARM.ActiveCfg = Release|ARM
		{5708562C-DB7D-4930-9B82-2E51B3774110}.AppStore|ARM.Build.0 = Release|ARM
		{5708562C-DB7D-4930-9B82-2E51B3774110}.AppStore|iPhone.ActiveCfg = Debug|Any CPU
		{5708562C-DB7D-4930-9B82-2E51B3774110}.AppStore|iPhone.Build.0 = Debug|Any CPU
		{5708562C-DB7D-4930-9B82-2E51B3774110}.AppStore|iPhoneSimulator.ActiveCfg = Debug|Any CPU
		{5708562C-DB7D-4930-9B82-2E51B3774110}.AppStore|iPhoneSimulator.Build.0 = Debug|Any CPU
		{5708562C-DB7D-4930-9B82-2E51B3774110}.AppStore|x64.ActiveCfg = Release|x64
		{5708562C-DB7D-4930-9B82-2E51B3774110}.AppStore|x64.Build.0 = Release|x64
		{5708562C-DB7D-4930-9B82-2E51B3774110}.AppStore|x86.ActiveCfg = Release|x86
		{5708562C-DB7D-4930-9B82-2E51B3774110}.AppStore|x86.Build.0 = Release|x86
		{5708562C-DB7D-4930-9B82-2E51B3774110}.Debug|Any CPU.ActiveCfg = Debug|Any CPU
		{5708562C-DB7D-4930-9B82-2E51B3774110}.Debug|Any CPU.Build.0 = Debug|Any CPU
		{5708562C-DB7D-4930-9B82-2E51B3774110}.Debug|ARM.ActiveCfg = Debug|ARM
		{5708562C-DB7D-4930-9B82-2E51B3774110}.Debug|ARM.Build.0 = Debug|ARM
		{5708562C-DB7D-4930-9B82-2E51B3774110}.Debug|iPhone.ActiveCfg = Debug|Any CPU
		{5708562C-DB7D-4930-9B82-2E51B3774110}.Debug|iPhone.Build.0 = Debug|Any CPU
		{5708562C-DB7D-4930-9B82-2E51B3774110}.Debug|iPhoneSimulator.ActiveCfg = Debug|Any CPU
		{5708562C-DB7D-4930-9B82-2E51B3774110}.Debug|iPhoneSimulator.Build.0 = Debug|Any CPU
		{5708562C-DB7D-4930-9B82-2E51B3774110}.Debug|x64.ActiveCfg = Debug|x64
		{5708562C-DB7D-4930-9B82-2E51B3774110}.Debug|x64.Build.0 = Debug|x64
		{5708562C-DB7D-4930-9B82-2E51B3774110}.Debug|x86.ActiveCfg = Debug|x86
		{5708562C-DB7D-4930-9B82-2E51B3774110}.Debug|x86.Build.0 = Debug|x86
		{5708562C-DB7D-4930-9B82-2E51B3774110}.Release|Any CPU.ActiveCfg = Release|Any CPU
		{5708562C-DB7D-4930-9B82-2E51B3774110}.Release|Any CPU.Build.0 = Release|Any CPU
		{5708562C-DB7D-4930-9B82-2E51B3774110}.Release|ARM.ActiveCfg = Release|ARM
		{5708562C-DB7D-4930-9B82-2E51B3774110}.Release|ARM.Build.0 = Release|ARM
		{5708562C-DB7D-4930-9B82-2E51B3774110}.Release|iPhone.ActiveCfg = Release|Any CPU
		{5708562C-DB7D-4930-9B82-2E51B3774110}.Release|iPhone.Build.0 = Release|Any CPU
		{5708562C-DB7D-4930-9B82-2E51B3774110}.Release|iPhoneSimulator.ActiveCfg = Release|Any CPU
		{5708562C-DB7D-4930-9B82-2E51B3774110}.Release|iPhoneSimulator.Build.0 = Release|Any CPU
		{5708562C-DB7D-4930-9B82-2E51B3774110}.Release|x64.ActiveCfg = Release|x64
		{5708562C-DB7D-4930-9B82-2E51B3774110}.Release|x64.Build.0 = Release|x64
		{5708562C-DB7D-4930-9B82-2E51B3774110}.Release|x86.ActiveCfg = Release|x86
		{5708562C-DB7D-4930-9B82-2E51B3774110}.Release|x86.Build.0 = Release|x86
		{D182E059-C408-4EE4-81B7-01AC4B438CC5}.Ad-Hoc|Any CPU.ActiveCfg = Debug|Any CPU
		{D182E059-C408-4EE4-81B7-01AC4B438CC5}.Ad-Hoc|Any CPU.Build.0 = Debug|Any CPU
		{D182E059-C408-4EE4-81B7-01AC4B438CC5}.Ad-Hoc|ARM.ActiveCfg = Debug|Any CPU
		{D182E059-C408-4EE4-81B7-01AC4B438CC5}.Ad-Hoc|ARM.Build.0 = Debug|Any CPU
		{D182E059-C408-4EE4-81B7-01AC4B438CC5}.Ad-Hoc|iPhone.ActiveCfg = Debug|Any CPU
		{D182E059-C408-4EE4-81B7-01AC4B438CC5}.Ad-Hoc|iPhone.Build.0 = Debug|Any CPU
		{D182E059-C408-4EE4-81B7-01AC4B438CC5}.Ad-Hoc|iPhoneSimulator.ActiveCfg = Debug|Any CPU
		{D182E059-C408-4EE4-81B7-01AC4B438CC5}.Ad-Hoc|iPhoneSimulator.Build.0 = Debug|Any CPU
		{D182E059-C408-4EE4-81B7-01AC4B438CC5}.Ad-Hoc|x64.ActiveCfg = Debug|Any CPU
		{D182E059-C408-4EE4-81B7-01AC4B438CC5}.Ad-Hoc|x64.Build.0 = Debug|Any CPU
		{D182E059-C408-4EE4-81B7-01AC4B438CC5}.Ad-Hoc|x86.ActiveCfg = Debug|Any CPU
		{D182E059-C408-4EE4-81B7-01AC4B438CC5}.Ad-Hoc|x86.Build.0 = Debug|Any CPU
		{D182E059-C408-4EE4-81B7-01AC4B438CC5}.AppStore|Any CPU.ActiveCfg = Release|Any CPU
		{D182E059-C408-4EE4-81B7-01AC4B438CC5}.AppStore|Any CPU.Build.0 = Release|Any CPU
		{D182E059-C408-4EE4-81B7-01AC4B438CC5}.AppStore|ARM.ActiveCfg = Release|Any CPU
		{D182E059-C408-4EE4-81B7-01AC4B438CC5}.AppStore|ARM.Build.0 = Release|Any CPU
		{D182E059-C408-4EE4-81B7-01AC4B438CC5}.AppStore|iPhone.ActiveCfg = Debug|Any CPU
		{D182E059-C408-4EE4-81B7-01AC4B438CC5}.AppStore|iPhone.Build.0 = Debug|Any CPU
		{D182E059-C408-4EE4-81B7-01AC4B438CC5}.AppStore|iPhoneSimulator.ActiveCfg = Debug|Any CPU
		{D182E059-C408-4EE4-81B7-01AC4B438CC5}.AppStore|iPhoneSimulator.Build.0 = Debug|Any CPU
		{D182E059-C408-4EE4-81B7-01AC4B438CC5}.AppStore|x64.ActiveCfg = Release|Any CPU
		{D182E059-C408-4EE4-81B7-01AC4B438CC5}.AppStore|x64.Build.0 = Release|Any CPU
		{D182E059-C408-4EE4-81B7-01AC4B438CC5}.AppStore|x86.ActiveCfg = Release|Any CPU
		{D182E059-C408-4EE4-81B7-01AC4B438CC5}.AppStore|x86.Build.0 = Release|Any CPU
		{D182E059-C408-4EE4-81B7-01AC4B438CC5}.Debug|Any CPU.ActiveCfg = Debug|Any CPU
		{D182E059-C408-4EE4-81B7-01AC4B438CC5}.Debug|Any CPU.Build.0 = Debug|Any CPU
		{D182E059-C408-4EE4-81B7-01AC4B438CC5}.Debug|ARM.ActiveCfg = Debug|Any CPU
		{D182E059-C408-4EE4-81B7-01AC4B438CC5}.Debug|ARM.Build.0 = Debug|Any CPU
		{D182E059-C408-4EE4-81B7-01AC4B438CC5}.Debug|iPhone.ActiveCfg = Debug|Any CPU
		{D182E059-C408-4EE4-81B7-01AC4B438CC5}.Debug|iPhone.Build.0 = Debug|Any CPU
		{D182E059-C408-4EE4-81B7-01AC4B438CC5}.Debug|iPhoneSimulator.ActiveCfg = Debug|Any CPU
		{D182E059-C408-4EE4-81B7-01AC4B438CC5}.Debug|iPhoneSimulator.Build.0 = Debug|Any CPU
		{D182E059-C408-4EE4-81B7-01AC4B438CC5}.Debug|x64.ActiveCfg = Debug|Any CPU
		{D182E059-C408-4EE4-81B7-01AC4B438CC5}.Debug|x64.Build.0 = Debug|Any CPU
		{D182E059-C408-4EE4-81B7-01AC4B438CC5}.Debug|x86.ActiveCfg = Debug|Any CPU
		{D182E059-C408-4EE4-81B7-01AC4B438CC5}.Debug|x86.Build.0 = Debug|Any CPU
		{D182E059-C408-4EE4-81B7-01AC4B438CC5}.Release|Any CPU.ActiveCfg = Release|Any CPU
		{D182E059-C408-4EE4-81B7-01AC4B438CC5}.Release|Any CPU.Build.0 = Release|Any CPU
		{D182E059-C408-4EE4-81B7-01AC4B438CC5}.Release|ARM.ActiveCfg = Release|Any CPU
		{D182E059-C408-4EE4-81B7-01AC4B438CC5}.Release|ARM.Build.0 = Release|Any CPU
		{D182E059-C408-4EE4-81B7-01AC4B438CC5}.Release|iPhone.ActiveCfg = Release|Any CPU
		{D182E059-C408-4EE4-81B7-01AC4B438CC5}.Release|iPhone.Build.0 = Release|Any CPU
		{D182E059-C408-4EE4-81B7-01AC4B438CC5}.Release|iPhoneSimulator.ActiveCfg = Release|Any CPU
		{D182E059-C408-4EE4-81B7-01AC4B438CC5}.Release|iPhoneSimulator.Build.0 = Release|Any CPU
		{D182E059-C408-4EE4-81B7-01AC4B438CC5}.Release|x64.ActiveCfg = Release|Any CPU
		{D182E059-C408-4EE4-81B7-01AC4B438CC5}.Release|x64.Build.0 = Release|Any CPU
		{D182E059-C408-4EE4-81B7-01AC4B438CC5}.Release|x86.ActiveCfg = Release|Any CPU
		{D182E059-C408-4EE4-81B7-01AC4B438CC5}.Release|x86.Build.0 = Release|Any CPU
		{D7E013C3-5EB1-4AF9-AB31-A6A1FDA44E90}.Ad-Hoc|Any CPU.ActiveCfg = Debug|x64
		{D7E013C3-5EB1-4AF9-AB31-A6A1FDA44E90}.Ad-Hoc|Any CPU.Build.0 = Debug|x64
		{D7E013C3-5EB1-4AF9-AB31-A6A1FDA44E90}.Ad-Hoc|Any CPU.Deploy.0 = Debug|x64
		{D7E013C3-5EB1-4AF9-AB31-A6A1FDA44E90}.Ad-Hoc|ARM.ActiveCfg = Debug|ARM
		{D7E013C3-5EB1-4AF9-AB31-A6A1FDA44E90}.Ad-Hoc|ARM.Build.0 = Debug|ARM
		{D7E013C3-5EB1-4AF9-AB31-A6A1FDA44E90}.Ad-Hoc|ARM.Deploy.0 = Debug|ARM
		{D7E013C3-5EB1-4AF9-AB31-A6A1FDA44E90}.Ad-Hoc|iPhone.ActiveCfg = Debug|x64
		{D7E013C3-5EB1-4AF9-AB31-A6A1FDA44E90}.Ad-Hoc|iPhone.Build.0 = Debug|x64
		{D7E013C3-5EB1-4AF9-AB31-A6A1FDA44E90}.Ad-Hoc|iPhone.Deploy.0 = Debug|x64
		{D7E013C3-5EB1-4AF9-AB31-A6A1FDA44E90}.Ad-Hoc|iPhoneSimulator.ActiveCfg = Debug|x64
		{D7E013C3-5EB1-4AF9-AB31-A6A1FDA44E90}.Ad-Hoc|iPhoneSimulator.Build.0 = Debug|x64
		{D7E013C3-5EB1-4AF9-AB31-A6A1FDA44E90}.Ad-Hoc|iPhoneSimulator.Deploy.0 = Debug|x64
		{D7E013C3-5EB1-4AF9-AB31-A6A1FDA44E90}.Ad-Hoc|x64.ActiveCfg = Debug|x64
		{D7E013C3-5EB1-4AF9-AB31-A6A1FDA44E90}.Ad-Hoc|x64.Build.0 = Debug|x64
		{D7E013C3-5EB1-4AF9-AB31-A6A1FDA44E90}.Ad-Hoc|x64.Deploy.0 = Debug|x64
		{D7E013C3-5EB1-4AF9-AB31-A6A1FDA44E90}.Ad-Hoc|x86.ActiveCfg = Debug|x86
		{D7E013C3-5EB1-4AF9-AB31-A6A1FDA44E90}.Ad-Hoc|x86.Build.0 = Debug|x86
		{D7E013C3-5EB1-4AF9-AB31-A6A1FDA44E90}.Ad-Hoc|x86.Deploy.0 = Debug|x86
		{D7E013C3-5EB1-4AF9-AB31-A6A1FDA44E90}.AppStore|Any CPU.ActiveCfg = Release|x64
		{D7E013C3-5EB1-4AF9-AB31-A6A1FDA44E90}.AppStore|Any CPU.Build.0 = Release|x64
		{D7E013C3-5EB1-4AF9-AB31-A6A1FDA44E90}.AppStore|Any CPU.Deploy.0 = Release|x64
		{D7E013C3-5EB1-4AF9-AB31-A6A1FDA44E90}.AppStore|ARM.ActiveCfg = Release|ARM
		{D7E013C3-5EB1-4AF9-AB31-A6A1FDA44E90}.AppStore|ARM.Build.0 = Release|ARM
		{D7E013C3-5EB1-4AF9-AB31-A6A1FDA44E90}.AppStore|ARM.Deploy.0 = Release|ARM
		{D7E013C3-5EB1-4AF9-AB31-A6A1FDA44E90}.AppStore|iPhone.ActiveCfg = Debug|x64
		{D7E013C3-5EB1-4AF9-AB31-A6A1FDA44E90}.AppStore|iPhone.Build.0 = Debug|x64
		{D7E013C3-5EB1-4AF9-AB31-A6A1FDA44E90}.AppStore|iPhone.Deploy.0 = Debug|x64
		{D7E013C3-5EB1-4AF9-AB31-A6A1FDA44E90}.AppStore|iPhoneSimulator.ActiveCfg = Debug|x64
		{D7E013C3-5EB1-4AF9-AB31-A6A1FDA44E90}.AppStore|iPhoneSimulator.Build.0 = Debug|x64
		{D7E013C3-5EB1-4AF9-AB31-A6A1FDA44E90}.AppStore|iPhoneSimulator.Deploy.0 = Debug|x64
		{D7E013C3-5EB1-4AF9-AB31-A6A1FDA44E90}.AppStore|x64.ActiveCfg = Release|x64
		{D7E013C3-5EB1-4AF9-AB31-A6A1FDA44E90}.AppStore|x64.Build.0 = Release|x64
		{D7E013C3-5EB1-4AF9-AB31-A6A1FDA44E90}.AppStore|x64.Deploy.0 = Release|x64
		{D7E013C3-5EB1-4AF9-AB31-A6A1FDA44E90}.AppStore|x86.ActiveCfg = Release|x86
		{D7E013C3-5EB1-4AF9-AB31-A6A1FDA44E90}.AppStore|x86.Build.0 = Release|x86
		{D7E013C3-5EB1-4AF9-AB31-A6A1FDA44E90}.AppStore|x86.Deploy.0 = Release|x86
		{D7E013C3-5EB1-4AF9-AB31-A6A1FDA44E90}.Debug|Any CPU.ActiveCfg = Debug|x86
		{D7E013C3-5EB1-4AF9-AB31-A6A1FDA44E90}.Debug|ARM.ActiveCfg = Debug|ARM
		{D7E013C3-5EB1-4AF9-AB31-A6A1FDA44E90}.Debug|ARM.Build.0 = Debug|ARM
		{D7E013C3-5EB1-4AF9-AB31-A6A1FDA44E90}.Debug|ARM.Deploy.0 = Debug|ARM
		{D7E013C3-5EB1-4AF9-AB31-A6A1FDA44E90}.Debug|iPhone.ActiveCfg = Debug|x86
		{D7E013C3-5EB1-4AF9-AB31-A6A1FDA44E90}.Debug|iPhoneSimulator.ActiveCfg = Debug|x86
		{D7E013C3-5EB1-4AF9-AB31-A6A1FDA44E90}.Debug|x64.ActiveCfg = Debug|x64
		{D7E013C3-5EB1-4AF9-AB31-A6A1FDA44E90}.Debug|x64.Build.0 = Debug|x64
		{D7E013C3-5EB1-4AF9-AB31-A6A1FDA44E90}.Debug|x64.Deploy.0 = Debug|x64
		{D7E013C3-5EB1-4AF9-AB31-A6A1FDA44E90}.Debug|x86.ActiveCfg = Debug|x86
		{D7E013C3-5EB1-4AF9-AB31-A6A1FDA44E90}.Debug|x86.Build.0 = Debug|x86
		{D7E013C3-5EB1-4AF9-AB31-A6A1FDA44E90}.Debug|x86.Deploy.0 = Debug|x86
		{D7E013C3-5EB1-4AF9-AB31-A6A1FDA44E90}.Release|Any CPU.ActiveCfg = Release|x86
		{D7E013C3-5EB1-4AF9-AB31-A6A1FDA44E90}.Release|ARM.ActiveCfg = Release|ARM
		{D7E013C3-5EB1-4AF9-AB31-A6A1FDA44E90}.Release|ARM.Build.0 = Release|ARM
		{D7E013C3-5EB1-4AF9-AB31-A6A1FDA44E90}.Release|ARM.Deploy.0 = Release|ARM
		{D7E013C3-5EB1-4AF9-AB31-A6A1FDA44E90}.Release|iPhone.ActiveCfg = Release|x86
		{D7E013C3-5EB1-4AF9-AB31-A6A1FDA44E90}.Release|iPhoneSimulator.ActiveCfg = Release|x86
		{D7E013C3-5EB1-4AF9-AB31-A6A1FDA44E90}.Release|x64.ActiveCfg = Release|x64
		{D7E013C3-5EB1-4AF9-AB31-A6A1FDA44E90}.Release|x64.Build.0 = Release|x64
		{D7E013C3-5EB1-4AF9-AB31-A6A1FDA44E90}.Release|x64.Deploy.0 = Release|x64
		{D7E013C3-5EB1-4AF9-AB31-A6A1FDA44E90}.Release|x86.ActiveCfg = Release|x86
		{D7E013C3-5EB1-4AF9-AB31-A6A1FDA44E90}.Release|x86.Build.0 = Release|x86
		{D7E013C3-5EB1-4AF9-AB31-A6A1FDA44E90}.Release|x86.Deploy.0 = Release|x86
		{FC443998-1F23-4A2D-AED0-86D95DDE57ED}.Ad-Hoc|Any CPU.ActiveCfg = Release|Any CPU
		{FC443998-1F23-4A2D-AED0-86D95DDE57ED}.Ad-Hoc|Any CPU.Build.0 = Release|Any CPU
		{FC443998-1F23-4A2D-AED0-86D95DDE57ED}.Ad-Hoc|Any CPU.Deploy.0 = Release|Any CPU
		{FC443998-1F23-4A2D-AED0-86D95DDE57ED}.Ad-Hoc|ARM.ActiveCfg = Release|Any CPU
		{FC443998-1F23-4A2D-AED0-86D95DDE57ED}.Ad-Hoc|ARM.Build.0 = Release|Any CPU
		{FC443998-1F23-4A2D-AED0-86D95DDE57ED}.Ad-Hoc|ARM.Deploy.0 = Release|Any CPU
		{FC443998-1F23-4A2D-AED0-86D95DDE57ED}.Ad-Hoc|iPhone.ActiveCfg = Release|Any CPU
		{FC443998-1F23-4A2D-AED0-86D95DDE57ED}.Ad-Hoc|iPhone.Build.0 = Release|Any CPU
		{FC443998-1F23-4A2D-AED0-86D95DDE57ED}.Ad-Hoc|iPhone.Deploy.0 = Release|Any CPU
		{FC443998-1F23-4A2D-AED0-86D95DDE57ED}.Ad-Hoc|iPhoneSimulator.ActiveCfg = Release|Any CPU
		{FC443998-1F23-4A2D-AED0-86D95DDE57ED}.Ad-Hoc|iPhoneSimulator.Build.0 = Release|Any CPU
		{FC443998-1F23-4A2D-AED0-86D95DDE57ED}.Ad-Hoc|iPhoneSimulator.Deploy.0 = Release|Any CPU
		{FC443998-1F23-4A2D-AED0-86D95DDE57ED}.Ad-Hoc|x64.ActiveCfg = Release|Any CPU
		{FC443998-1F23-4A2D-AED0-86D95DDE57ED}.Ad-Hoc|x64.Build.0 = Release|Any CPU
		{FC443998-1F23-4A2D-AED0-86D95DDE57ED}.Ad-Hoc|x64.Deploy.0 = Release|Any CPU
		{FC443998-1F23-4A2D-AED0-86D95DDE57ED}.Ad-Hoc|x86.ActiveCfg = Release|Any CPU
		{FC443998-1F23-4A2D-AED0-86D95DDE57ED}.Ad-Hoc|x86.Build.0 = Release|Any CPU
		{FC443998-1F23-4A2D-AED0-86D95DDE57ED}.Ad-Hoc|x86.Deploy.0 = Release|Any CPU
		{FC443998-1F23-4A2D-AED0-86D95DDE57ED}.AppStore|Any CPU.ActiveCfg = Release|Any CPU
		{FC443998-1F23-4A2D-AED0-86D95DDE57ED}.AppStore|Any CPU.Build.0 = Release|Any CPU
		{FC443998-1F23-4A2D-AED0-86D95DDE57ED}.AppStore|Any CPU.Deploy.0 = Release|Any CPU
		{FC443998-1F23-4A2D-AED0-86D95DDE57ED}.AppStore|ARM.ActiveCfg = Release|Any CPU
		{FC443998-1F23-4A2D-AED0-86D95DDE57ED}.AppStore|ARM.Build.0 = Release|Any CPU
		{FC443998-1F23-4A2D-AED0-86D95DDE57ED}.AppStore|ARM.Deploy.0 = Release|Any CPU
		{FC443998-1F23-4A2D-AED0-86D95DDE57ED}.AppStore|iPhone.ActiveCfg = Release|Any CPU
		{FC443998-1F23-4A2D-AED0-86D95DDE57ED}.AppStore|iPhone.Build.0 = Release|Any CPU
		{FC443998-1F23-4A2D-AED0-86D95DDE57ED}.AppStore|iPhone.Deploy.0 = Release|Any CPU
		{FC443998-1F23-4A2D-AED0-86D95DDE57ED}.AppStore|iPhoneSimulator.ActiveCfg = Release|Any CPU
		{FC443998-1F23-4A2D-AED0-86D95DDE57ED}.AppStore|iPhoneSimulator.Build.0 = Release|Any CPU
		{FC443998-1F23-4A2D-AED0-86D95DDE57ED}.AppStore|iPhoneSimulator.Deploy.0 = Release|Any CPU
		{FC443998-1F23-4A2D-AED0-86D95DDE57ED}.AppStore|x64.ActiveCfg = Release|Any CPU
		{FC443998-1F23-4A2D-AED0-86D95DDE57ED}.AppStore|x64.Build.0 = Release|Any CPU
		{FC443998-1F23-4A2D-AED0-86D95DDE57ED}.AppStore|x64.Deploy.0 = Release|Any CPU
		{FC443998-1F23-4A2D-AED0-86D95DDE57ED}.AppStore|x86.ActiveCfg = Release|Any CPU
		{FC443998-1F23-4A2D-AED0-86D95DDE57ED}.AppStore|x86.Build.0 = Release|Any CPU
		{FC443998-1F23-4A2D-AED0-86D95DDE57ED}.AppStore|x86.Deploy.0 = Release|Any CPU
		{FC443998-1F23-4A2D-AED0-86D95DDE57ED}.Debug|Any CPU.ActiveCfg = Debug|Any CPU
		{FC443998-1F23-4A2D-AED0-86D95DDE57ED}.Debug|Any CPU.Build.0 = Debug|Any CPU
		{FC443998-1F23-4A2D-AED0-86D95DDE57ED}.Debug|Any CPU.Deploy.0 = Debug|Any CPU
		{FC443998-1F23-4A2D-AED0-86D95DDE57ED}.Debug|ARM.ActiveCfg = Debug|Any CPU
		{FC443998-1F23-4A2D-AED0-86D95DDE57ED}.Debug|ARM.Build.0 = Debug|Any CPU
		{FC443998-1F23-4A2D-AED0-86D95DDE57ED}.Debug|ARM.Deploy.0 = Debug|Any CPU
		{FC443998-1F23-4A2D-AED0-86D95DDE57ED}.Debug|iPhone.ActiveCfg = Debug|Any CPU
		{FC443998-1F23-4A2D-AED0-86D95DDE57ED}.Debug|iPhone.Build.0 = Debug|Any CPU
		{FC443998-1F23-4A2D-AED0-86D95DDE57ED}.Debug|iPhone.Deploy.0 = Debug|Any CPU
		{FC443998-1F23-4A2D-AED0-86D95DDE57ED}.Debug|iPhoneSimulator.ActiveCfg = Debug|Any CPU
		{FC443998-1F23-4A2D-AED0-86D95DDE57ED}.Debug|iPhoneSimulator.Build.0 = Debug|Any CPU
		{FC443998-1F23-4A2D-AED0-86D95DDE57ED}.Debug|iPhoneSimulator.Deploy.0 = Debug|Any CPU
		{FC443998-1F23-4A2D-AED0-86D95DDE57ED}.Debug|x64.ActiveCfg = Debug|Any CPU
		{FC443998-1F23-4A2D-AED0-86D95DDE57ED}.Debug|x64.Build.0 = Debug|Any CPU
		{FC443998-1F23-4A2D-AED0-86D95DDE57ED}.Debug|x64.Deploy.0 = Debug|Any CPU
		{FC443998-1F23-4A2D-AED0-86D95DDE57ED}.Debug|x86.ActiveCfg = Debug|Any CPU
		{FC443998-1F23-4A2D-AED0-86D95DDE57ED}.Debug|x86.Build.0 = Debug|Any CPU
		{FC443998-1F23-4A2D-AED0-86D95DDE57ED}.Debug|x86.Deploy.0 = Debug|Any CPU
		{FC443998-1F23-4A2D-AED0-86D95DDE57ED}.Release|Any CPU.ActiveCfg = Release|Any CPU
		{FC443998-1F23-4A2D-AED0-86D95DDE57ED}.Release|Any CPU.Build.0 = Release|Any CPU
		{FC443998-1F23-4A2D-AED0-86D95DDE57ED}.Release|Any CPU.Deploy.0 = Release|Any CPU
		{FC443998-1F23-4A2D-AED0-86D95DDE57ED}.Release|ARM.ActiveCfg = Release|Any CPU
		{FC443998-1F23-4A2D-AED0-86D95DDE57ED}.Release|ARM.Build.0 = Release|Any CPU
		{FC443998-1F23-4A2D-AED0-86D95DDE57ED}.Release|ARM.Deploy.0 = Release|Any CPU
		{FC443998-1F23-4A2D-AED0-86D95DDE57ED}.Release|iPhone.ActiveCfg = Release|Any CPU
		{FC443998-1F23-4A2D-AED0-86D95DDE57ED}.Release|iPhone.Build.0 = Release|Any CPU
		{FC443998-1F23-4A2D-AED0-86D95DDE57ED}.Release|iPhone.Deploy.0 = Release|Any CPU
		{FC443998-1F23-4A2D-AED0-86D95DDE57ED}.Release|iPhoneSimulator.ActiveCfg = Release|Any CPU
		{FC443998-1F23-4A2D-AED0-86D95DDE57ED}.Release|iPhoneSimulator.Build.0 = Release|Any CPU
		{FC443998-1F23-4A2D-AED0-86D95DDE57ED}.Release|iPhoneSimulator.Deploy.0 = Release|Any CPU
		{FC443998-1F23-4A2D-AED0-86D95DDE57ED}.Release|x64.ActiveCfg = Release|Any CPU
		{FC443998-1F23-4A2D-AED0-86D95DDE57ED}.Release|x64.Build.0 = Release|Any CPU
		{FC443998-1F23-4A2D-AED0-86D95DDE57ED}.Release|x64.Deploy.0 = Release|Any CPU
		{FC443998-1F23-4A2D-AED0-86D95DDE57ED}.Release|x86.ActiveCfg = Release|Any CPU
		{FC443998-1F23-4A2D-AED0-86D95DDE57ED}.Release|x86.Build.0 = Release|Any CPU
		{FC443998-1F23-4A2D-AED0-86D95DDE57ED}.Release|x86.Deploy.0 = Release|Any CPU
		{14072E24-95AE-4EDC-9DBF-AF785154B265}.Ad-Hoc|Any CPU.ActiveCfg = Ad-Hoc|iPhone
		{14072E24-95AE-4EDC-9DBF-AF785154B265}.Ad-Hoc|ARM.ActiveCfg = Ad-Hoc|iPhone
		{14072E24-95AE-4EDC-9DBF-AF785154B265}.Ad-Hoc|iPhone.ActiveCfg = Ad-Hoc|iPhone
		{14072E24-95AE-4EDC-9DBF-AF785154B265}.Ad-Hoc|iPhone.Build.0 = Ad-Hoc|iPhone
		{14072E24-95AE-4EDC-9DBF-AF785154B265}.Ad-Hoc|iPhoneSimulator.ActiveCfg = Ad-Hoc|iPhoneSimulator
		{14072E24-95AE-4EDC-9DBF-AF785154B265}.Ad-Hoc|iPhoneSimulator.Build.0 = Ad-Hoc|iPhoneSimulator
		{14072E24-95AE-4EDC-9DBF-AF785154B265}.Ad-Hoc|x64.ActiveCfg = Ad-Hoc|iPhone
		{14072E24-95AE-4EDC-9DBF-AF785154B265}.Ad-Hoc|x86.ActiveCfg = Ad-Hoc|iPhone
		{14072E24-95AE-4EDC-9DBF-AF785154B265}.AppStore|Any CPU.ActiveCfg = AppStore|iPhone
		{14072E24-95AE-4EDC-9DBF-AF785154B265}.AppStore|ARM.ActiveCfg = AppStore|iPhone
		{14072E24-95AE-4EDC-9DBF-AF785154B265}.AppStore|iPhone.ActiveCfg = AppStore|iPhone
		{14072E24-95AE-4EDC-9DBF-AF785154B265}.AppStore|iPhone.Build.0 = AppStore|iPhone
		{14072E24-95AE-4EDC-9DBF-AF785154B265}.AppStore|iPhoneSimulator.ActiveCfg = AppStore|iPhoneSimulator
		{14072E24-95AE-4EDC-9DBF-AF785154B265}.AppStore|iPhoneSimulator.Build.0 = AppStore|iPhoneSimulator
		{14072E24-95AE-4EDC-9DBF-AF785154B265}.AppStore|x64.ActiveCfg = AppStore|iPhone
		{14072E24-95AE-4EDC-9DBF-AF785154B265}.AppStore|x86.ActiveCfg = AppStore|iPhone
		{14072E24-95AE-4EDC-9DBF-AF785154B265}.Debug|Any CPU.ActiveCfg = Debug|iPhone
		{14072E24-95AE-4EDC-9DBF-AF785154B265}.Debug|ARM.ActiveCfg = Debug|iPhone
		{14072E24-95AE-4EDC-9DBF-AF785154B265}.Debug|iPhone.ActiveCfg = Debug|iPhone
		{14072E24-95AE-4EDC-9DBF-AF785154B265}.Debug|iPhone.Build.0 = Debug|iPhone
		{14072E24-95AE-4EDC-9DBF-AF785154B265}.Debug|iPhoneSimulator.ActiveCfg = Debug|iPhoneSimulator
		{14072E24-95AE-4EDC-9DBF-AF785154B265}.Debug|iPhoneSimulator.Build.0 = Debug|iPhoneSimulator
		{14072E24-95AE-4EDC-9DBF-AF785154B265}.Debug|x64.ActiveCfg = Debug|iPhone
		{14072E24-95AE-4EDC-9DBF-AF785154B265}.Debug|x86.ActiveCfg = Debug|iPhone
		{14072E24-95AE-4EDC-9DBF-AF785154B265}.Release|Any CPU.ActiveCfg = Release|iPhone
		{14072E24-95AE-4EDC-9DBF-AF785154B265}.Release|ARM.ActiveCfg = Release|iPhone
		{14072E24-95AE-4EDC-9DBF-AF785154B265}.Release|iPhone.ActiveCfg = Release|iPhone
		{14072E24-95AE-4EDC-9DBF-AF785154B265}.Release|iPhone.Build.0 = Release|iPhone
		{14072E24-95AE-4EDC-9DBF-AF785154B265}.Release|iPhoneSimulator.ActiveCfg = Release|iPhoneSimulator
		{14072E24-95AE-4EDC-9DBF-AF785154B265}.Release|iPhoneSimulator.Build.0 = Release|iPhoneSimulator
		{14072E24-95AE-4EDC-9DBF-AF785154B265}.Release|x64.ActiveCfg = Release|iPhone
		{14072E24-95AE-4EDC-9DBF-AF785154B265}.Release|x86.ActiveCfg = Release|iPhone
	EndGlobalSection
	GlobalSection(SolutionProperties) = preSolution
		HideSolutionNode = FALSE
	EndGlobalSection
	GlobalSection(NestedProjects) = preSolution
		{2C13C7C5-AFF2-4DCF-B636-9A24E925ACA7} = {EFA9F083-4AA5-4910-96C4-177E1A1082E4}
		{5F1279DB-467D-4452-BB3F-B4C4A32F999F} = {C37CAF40-9C38-4437-8910-2772A46098F7}
		{D6BE718A-762F-47AD-9FCF-E3C85E3AEFF3} = {C37CAF40-9C38-4437-8910-2772A46098F7}
		{BA833DB0-F146-4147-B301-765D4ED0FDB8} = {C37CAF40-9C38-4437-8910-2772A46098F7}
		{5708562C-DB7D-4930-9B82-2E51B3774110} = {C37CAF40-9C38-4437-8910-2772A46098F7}
		{D182E059-C408-4EE4-81B7-01AC4B438CC5} = {4A5BCF1D-BEBF-470A-AF9F-F94AC45FA355}
		{D7E013C3-5EB1-4AF9-AB31-A6A1FDA44E90} = {4A5BCF1D-BEBF-470A-AF9F-F94AC45FA355}
		{FC443998-1F23-4A2D-AED0-86D95DDE57ED} = {4A5BCF1D-BEBF-470A-AF9F-F94AC45FA355}
		{14072E24-95AE-4EDC-9DBF-AF785154B265} = {4A5BCF1D-BEBF-470A-AF9F-F94AC45FA355}
	EndGlobalSection
EndGlobal
