
Microsoft Visual Studio Solution File, Format Version 12.00
# Visual Studio 14
VisualStudioVersion = 14.0.25123.0
MinimumVisualStudioVersion = 10.0.40219.1
Project("{FAE04EC0-301F-11D3-BF4B-00C04F79EFBC}") = "MvvX.Plugins.HockeyApp", "MvvX.Plugins.HockeyApp\MvvX.Plugins.HockeyApp.csproj", "{2C13C7C5-AFF2-4DCF-B636-9A24E925ACA7}"
EndProject
Project("{2150E333-8FDC-42A3-9474-1A3956D46DE8}") = "Interface", "Interface", "{EFA9F083-4AA5-4910-96C4-177E1A1082E4}"
EndProject
Project("{2150E333-8FDC-42A3-9474-1A3956D46DE8}") = "Platforms", "Platforms", "{C37CAF40-9C38-4437-8910-2772A46098F7}"
EndProject
Project("{FAE04EC0-301F-11D3-BF4B-00C04F79EFBC}") = "MvvX.Plugins.HockeyApp.Wpf", "MvvX.Plugins.HockeyApp.Wpf\MvvX.Plugins.HockeyApp.Wpf.csproj", "{5F1279DB-467D-4452-BB3F-B4C4A32F999F}"
EndProject
Project("{FAE04EC0-301F-11D3-BF4B-00C04F79EFBC}") = "MvvX.Plugins.HockeyApp.Droid", "MvvX.Plugins.HockeyApp.Droid\MvvX.Plugins.HockeyApp.Droid.csproj", "{D6BE718A-762F-47AD-9FCF-E3C85E3AEFF3}"
EndProject
Project("{FAE04EC0-301F-11D3-BF4B-00C04F79EFBC}") = "MvvX.Plugins.HockeyApp.Touch", "MvvX.Plugins.HockeyApp.Touch\MvvX.Plugins.HockeyApp.Touch.csproj", "{BA833DB0-F146-4147-B301-765D4ED0FDB8}"
EndProject
Project("{FAE04EC0-301F-11D3-BF4B-00C04F79EFBC}") = "MvvX.Plugins.HockeyApp.WindowsUWP", "MvvX.Plugins.HockeyApp.WindowsUWP\MvvX.Plugins.HockeyApp.WindowsUWP.csproj", "{5708562C-DB7D-4930-9B82-2E51B3774110}"
EndProject
Project("{2150E333-8FDC-42A3-9474-1A3956D46DE8}") = "Test", "Test", "{4A5BCF1D-BEBF-470A-AF9F-F94AC45FA355}"
EndProject
Project("{FAE04EC0-301F-11D3-BF4B-00C04F79EFBC}") = "Client.Windows", "Client.Windows\Client.Windows.csproj", "{D182E059-C408-4EE4-81B7-01AC4B438CC5}"
EndProject
Project("{FAE04EC0-301F-11D3-BF4B-00C04F79EFBC}") = "Client.UWP", "Client.UWP\Client.UWP.csproj", "{D7E013C3-5EB1-4AF9-AB31-A6A1FDA44E90}"
EndProject
Global
	GlobalSection(SolutionConfigurationPlatforms) = preSolution
		AppStore|Any CPU = AppStore|Any CPU
		AppStore|ARM = AppStore|ARM
		AppStore|x64 = AppStore|x64
		AppStore|x86 = AppStore|x86
		Debug|Any CPU = Debug|Any CPU
		Debug|ARM = Debug|ARM
		Debug|x64 = Debug|x64
		Debug|x86 = Debug|x86
		Release|Any CPU = Release|Any CPU
		Release|ARM = Release|ARM
		Release|x64 = Release|x64
		Release|x86 = Release|x86
	EndGlobalSection
	GlobalSection(ProjectConfigurationPlatforms) = postSolution
		{2C13C7C5-AFF2-4DCF-B636-9A24E925ACA7}.AppStore|Any CPU.ActiveCfg = Release|Any CPU
		{2C13C7C5-AFF2-4DCF-B636-9A24E925ACA7}.AppStore|Any CPU.Build.0 = Release|Any CPU
		{2C13C7C5-AFF2-4DCF-B636-9A24E925ACA7}.AppStore|ARM.ActiveCfg = Release|Any CPU
		{2C13C7C5-AFF2-4DCF-B636-9A24E925ACA7}.AppStore|ARM.Build.0 = Release|Any CPU
		{2C13C7C5-AFF2-4DCF-B636-9A24E925ACA7}.AppStore|x64.ActiveCfg = Release|Any CPU
		{2C13C7C5-AFF2-4DCF-B636-9A24E925ACA7}.AppStore|x64.Build.0 = Release|Any CPU
		{2C13C7C5-AFF2-4DCF-B636-9A24E925ACA7}.AppStore|x86.ActiveCfg = Release|Any CPU
		{2C13C7C5-AFF2-4DCF-B636-9A24E925ACA7}.AppStore|x86.Build.0 = Release|Any CPU
		{2C13C7C5-AFF2-4DCF-B636-9A24E925ACA7}.Debug|Any CPU.ActiveCfg = Debug|Any CPU
		{2C13C7C5-AFF2-4DCF-B636-9A24E925ACA7}.Debug|Any CPU.Build.0 = Debug|Any CPU
		{2C13C7C5-AFF2-4DCF-B636-9A24E925ACA7}.Debug|ARM.ActiveCfg = Debug|Any CPU
		{2C13C7C5-AFF2-4DCF-B636-9A24E925ACA7}.Debug|ARM.Build.0 = Debug|Any CPU
		{2C13C7C5-AFF2-4DCF-B636-9A24E925ACA7}.Debug|x64.ActiveCfg = Debug|Any CPU
		{2C13C7C5-AFF2-4DCF-B636-9A24E925ACA7}.Debug|x64.Build.0 = Debug|Any CPU
		{2C13C7C5-AFF2-4DCF-B636-9A24E925ACA7}.Debug|x86.ActiveCfg = Debug|Any CPU
		{2C13C7C5-AFF2-4DCF-B636-9A24E925ACA7}.Debug|x86.Build.0 = Debug|Any CPU
		{2C13C7C5-AFF2-4DCF-B636-9A24E925ACA7}.Release|Any CPU.ActiveCfg = Release|Any CPU
		{2C13C7C5-AFF2-4DCF-B636-9A24E925ACA7}.Release|Any CPU.Build.0 = Release|Any CPU
		{2C13C7C5-AFF2-4DCF-B636-9A24E925ACA7}.Release|ARM.ActiveCfg = Release|Any CPU
		{2C13C7C5-AFF2-4DCF-B636-9A24E925ACA7}.Release|ARM.Build.0 = Release|Any CPU
		{2C13C7C5-AFF2-4DCF-B636-9A24E925ACA7}.Release|x64.ActiveCfg = Release|Any CPU
		{2C13C7C5-AFF2-4DCF-B636-9A24E925ACA7}.Release|x64.Build.0 = Release|Any CPU
		{2C13C7C5-AFF2-4DCF-B636-9A24E925ACA7}.Release|x86.ActiveCfg = Release|Any CPU
		{2C13C7C5-AFF2-4DCF-B636-9A24E925ACA7}.Release|x86.Build.0 = Release|Any CPU
		{5F1279DB-467D-4452-BB3F-B4C4A32F999F}.AppStore|Any CPU.ActiveCfg = Release|Any CPU
		{5F1279DB-467D-4452-BB3F-B4C4A32F999F}.AppStore|Any CPU.Build.0 = Release|Any CPU
		{5F1279DB-467D-4452-BB3F-B4C4A32F999F}.AppStore|ARM.ActiveCfg = Release|Any CPU
		{5F1279DB-467D-4452-BB3F-B4C4A32F999F}.AppStore|ARM.Build.0 = Release|Any CPU
		{5F1279DB-467D-4452-BB3F-B4C4A32F999F}.AppStore|x64.ActiveCfg = Release|Any CPU
		{5F1279DB-467D-4452-BB3F-B4C4A32F999F}.AppStore|x64.Build.0 = Release|Any CPU
		{5F1279DB-467D-4452-BB3F-B4C4A32F999F}.AppStore|x86.ActiveCfg = Release|Any CPU
		{5F1279DB-467D-4452-BB3F-B4C4A32F999F}.AppStore|x86.Build.0 = Release|Any CPU
		{5F1279DB-467D-4452-BB3F-B4C4A32F999F}.Debug|Any CPU.ActiveCfg = Debug|Any CPU
		{5F1279DB-467D-4452-BB3F-B4C4A32F999F}.Debug|Any CPU.Build.0 = Debug|Any CPU
		{5F1279DB-467D-4452-BB3F-B4C4A32F999F}.Debug|ARM.ActiveCfg = Debug|Any CPU
		{5F1279DB-467D-4452-BB3F-B4C4A32F999F}.Debug|ARM.Build.0 = Debug|Any CPU
		{5F1279DB-467D-4452-BB3F-B4C4A32F999F}.Debug|x64.ActiveCfg = Debug|Any CPU
		{5F1279DB-467D-4452-BB3F-B4C4A32F999F}.Debug|x64.Build.0 = Debug|Any CPU
		{5F1279DB-467D-4452-BB3F-B4C4A32F999F}.Debug|x86.ActiveCfg = Debug|Any CPU
		{5F1279DB-467D-4452-BB3F-B4C4A32F999F}.Debug|x86.Build.0 = Debug|Any CPU
		{5F1279DB-467D-4452-BB3F-B4C4A32F999F}.Release|Any CPU.ActiveCfg = Release|Any CPU
		{5F1279DB-467D-4452-BB3F-B4C4A32F999F}.Release|Any CPU.Build.0 = Release|Any CPU
		{5F1279DB-467D-4452-BB3F-B4C4A32F999F}.Release|ARM.ActiveCfg = Release|Any CPU
		{5F1279DB-467D-4452-BB3F-B4C4A32F999F}.Release|ARM.Build.0 = Release|Any CPU
		{5F1279DB-467D-4452-BB3F-B4C4A32F999F}.Release|x64.ActiveCfg = Release|Any CPU
		{5F1279DB-467D-4452-BB3F-B4C4A32F999F}.Release|x64.Build.0 = Release|Any CPU
		{5F1279DB-467D-4452-BB3F-B4C4A32F999F}.Release|x86.ActiveCfg = Release|Any CPU
		{5F1279DB-467D-4452-BB3F-B4C4A32F999F}.Release|x86.Build.0 = Release|Any CPU
		{D6BE718A-762F-47AD-9FCF-E3C85E3AEFF3}.AppStore|Any CPU.ActiveCfg = Release|Any CPU
		{D6BE718A-762F-47AD-9FCF-E3C85E3AEFF3}.AppStore|Any CPU.Build.0 = Release|Any CPU
		{D6BE718A-762F-47AD-9FCF-E3C85E3AEFF3}.AppStore|ARM.ActiveCfg = Release|Any CPU
		{D6BE718A-762F-47AD-9FCF-E3C85E3AEFF3}.AppStore|ARM.Build.0 = Release|Any CPU
		{D6BE718A-762F-47AD-9FCF-E3C85E3AEFF3}.AppStore|x64.ActiveCfg = Release|Any CPU
		{D6BE718A-762F-47AD-9FCF-E3C85E3AEFF3}.AppStore|x64.Build.0 = Release|Any CPU
		{D6BE718A-762F-47AD-9FCF-E3C85E3AEFF3}.AppStore|x86.ActiveCfg = Release|Any CPU
		{D6BE718A-762F-47AD-9FCF-E3C85E3AEFF3}.AppStore|x86.Build.0 = Release|Any CPU
		{D6BE718A-762F-47AD-9FCF-E3C85E3AEFF3}.Debug|Any CPU.ActiveCfg = Debug|Any CPU
		{D6BE718A-762F-47AD-9FCF-E3C85E3AEFF3}.Debug|Any CPU.Build.0 = Debug|Any CPU
		{D6BE718A-762F-47AD-9FCF-E3C85E3AEFF3}.Debug|ARM.ActiveCfg = Debug|Any CPU
		{D6BE718A-762F-47AD-9FCF-E3C85E3AEFF3}.Debug|ARM.Build.0 = Debug|Any CPU
		{D6BE718A-762F-47AD-9FCF-E3C85E3AEFF3}.Debug|x64.ActiveCfg = Debug|Any CPU
		{D6BE718A-762F-47AD-9FCF-E3C85E3AEFF3}.Debug|x64.Build.0 = Debug|Any CPU
		{D6BE718A-762F-47AD-9FCF-E3C85E3AEFF3}.Debug|x86.ActiveCfg = Debug|Any CPU
		{D6BE718A-762F-47AD-9FCF-E3C85E3AEFF3}.Debug|x86.Build.0 = Debug|Any CPU
		{D6BE718A-762F-47AD-9FCF-E3C85E3AEFF3}.Release|Any CPU.ActiveCfg = Release|Any CPU
		{D6BE718A-762F-47AD-9FCF-E3C85E3AEFF3}.Release|Any CPU.Build.0 = Release|Any CPU
		{D6BE718A-762F-47AD-9FCF-E3C85E3AEFF3}.Release|ARM.ActiveCfg = Release|Any CPU
		{D6BE718A-762F-47AD-9FCF-E3C85E3AEFF3}.Release|ARM.Build.0 = Release|Any CPU
		{D6BE718A-762F-47AD-9FCF-E3C85E3AEFF3}.Release|x64.ActiveCfg = Release|Any CPU
		{D6BE718A-762F-47AD-9FCF-E3C85E3AEFF3}.Release|x64.Build.0 = Release|Any CPU
		{D6BE718A-762F-47AD-9FCF-E3C85E3AEFF3}.Release|x86.ActiveCfg = Release|Any CPU
		{D6BE718A-762F-47AD-9FCF-E3C85E3AEFF3}.Release|x86.Build.0 = Release|Any CPU
		{BA833DB0-F146-4147-B301-765D4ED0FDB8}.AppStore|Any CPU.ActiveCfg = AppStore|Any CPU
		{BA833DB0-F146-4147-B301-765D4ED0FDB8}.AppStore|Any CPU.Build.0 = AppStore|Any CPU
		{BA833DB0-F146-4147-B301-765D4ED0FDB8}.AppStore|ARM.ActiveCfg = AppStore|Any CPU
		{BA833DB0-F146-4147-B301-765D4ED0FDB8}.AppStore|ARM.Build.0 = AppStore|Any CPU
		{BA833DB0-F146-4147-B301-765D4ED0FDB8}.AppStore|x64.ActiveCfg = AppStore|Any CPU
		{BA833DB0-F146-4147-B301-765D4ED0FDB8}.AppStore|x64.Build.0 = AppStore|Any CPU
		{BA833DB0-F146-4147-B301-765D4ED0FDB8}.AppStore|x86.ActiveCfg = AppStore|Any CPU
		{BA833DB0-F146-4147-B301-765D4ED0FDB8}.AppStore|x86.Build.0 = AppStore|Any CPU
		{BA833DB0-F146-4147-B301-765D4ED0FDB8}.Debug|Any CPU.ActiveCfg = Debug|Any CPU
		{BA833DB0-F146-4147-B301-765D4ED0FDB8}.Debug|Any CPU.Build.0 = Debug|Any CPU
		{BA833DB0-F146-4147-B301-765D4ED0FDB8}.Debug|ARM.ActiveCfg = Debug|Any CPU
		{BA833DB0-F146-4147-B301-765D4ED0FDB8}.Debug|ARM.Build.0 = Debug|Any CPU
		{BA833DB0-F146-4147-B301-765D4ED0FDB8}.Debug|x64.ActiveCfg = Debug|Any CPU
		{BA833DB0-F146-4147-B301-765D4ED0FDB8}.Debug|x64.Build.0 = Debug|Any CPU
		{BA833DB0-F146-4147-B301-765D4ED0FDB8}.Debug|x86.ActiveCfg = Debug|Any CPU
		{BA833DB0-F146-4147-B301-765D4ED0FDB8}.Debug|x86.Build.0 = Debug|Any CPU
		{BA833DB0-F146-4147-B301-765D4ED0FDB8}.Release|Any CPU.ActiveCfg = Release|Any CPU
		{BA833DB0-F146-4147-B301-765D4ED0FDB8}.Release|Any CPU.Build.0 = Release|Any CPU
		{BA833DB0-F146-4147-B301-765D4ED0FDB8}.Release|ARM.ActiveCfg = Release|Any CPU
		{BA833DB0-F146-4147-B301-765D4ED0FDB8}.Release|ARM.Build.0 = Release|Any CPU
		{BA833DB0-F146-4147-B301-765D4ED0FDB8}.Release|x64.ActiveCfg = Release|Any CPU
		{BA833DB0-F146-4147-B301-765D4ED0FDB8}.Release|x64.Build.0 = Release|Any CPU
		{BA833DB0-F146-4147-B301-765D4ED0FDB8}.Release|x86.ActiveCfg = Release|Any CPU
		{BA833DB0-F146-4147-B301-765D4ED0FDB8}.Release|x86.Build.0 = Release|Any CPU
		{5708562C-DB7D-4930-9B82-2E51B3774110}.AppStore|Any CPU.ActiveCfg = Release|Any CPU
		{5708562C-DB7D-4930-9B82-2E51B3774110}.AppStore|Any CPU.Build.0 = Release|Any CPU
		{5708562C-DB7D-4930-9B82-2E51B3774110}.AppStore|ARM.ActiveCfg = Release|ARM
		{5708562C-DB7D-4930-9B82-2E51B3774110}.AppStore|ARM.Build.0 = Release|ARM
		{5708562C-DB7D-4930-9B82-2E51B3774110}.AppStore|x64.ActiveCfg = Release|x64
		{5708562C-DB7D-4930-9B82-2E51B3774110}.AppStore|x64.Build.0 = Release|x64
		{5708562C-DB7D-4930-9B82-2E51B3774110}.AppStore|x86.ActiveCfg = Release|x86
		{5708562C-DB7D-4930-9B82-2E51B3774110}.AppStore|x86.Build.0 = Release|x86
		{5708562C-DB7D-4930-9B82-2E51B3774110}.Debug|Any CPU.ActiveCfg = Debug|Any CPU
		{5708562C-DB7D-4930-9B82-2E51B3774110}.Debug|Any CPU.Build.0 = Debug|Any CPU
		{5708562C-DB7D-4930-9B82-2E51B3774110}.Debug|ARM.ActiveCfg = Debug|ARM
		{5708562C-DB7D-4930-9B82-2E51B3774110}.Debug|ARM.Build.0 = Debug|ARM
		{5708562C-DB7D-4930-9B82-2E51B3774110}.Debug|x64.ActiveCfg = Debug|x64
		{5708562C-DB7D-4930-9B82-2E51B3774110}.Debug|x64.Build.0 = Debug|x64
		{5708562C-DB7D-4930-9B82-2E51B3774110}.Debug|x86.ActiveCfg = Debug|x86
		{5708562C-DB7D-4930-9B82-2E51B3774110}.Debug|x86.Build.0 = Debug|x86
		{5708562C-DB7D-4930-9B82-2E51B3774110}.Release|Any CPU.ActiveCfg = Release|Any CPU
		{5708562C-DB7D-4930-9B82-2E51B3774110}.Release|Any CPU.Build.0 = Release|Any CPU
		{5708562C-DB7D-4930-9B82-2E51B3774110}.Release|ARM.ActiveCfg = Release|ARM
		{5708562C-DB7D-4930-9B82-2E51B3774110}.Release|ARM.Build.0 = Release|ARM
		{5708562C-DB7D-4930-9B82-2E51B3774110}.Release|x64.ActiveCfg = Release|x64
		{5708562C-DB7D-4930-9B82-2E51B3774110}.Release|x64.Build.0 = Release|x64
		{5708562C-DB7D-4930-9B82-2E51B3774110}.Release|x86.ActiveCfg = Release|x86
		{5708562C-DB7D-4930-9B82-2E51B3774110}.Release|x86.Build.0 = Release|x86
		{D182E059-C408-4EE4-81B7-01AC4B438CC5}.AppStore|Any CPU.ActiveCfg = Release|Any CPU
		{D182E059-C408-4EE4-81B7-01AC4B438CC5}.AppStore|Any CPU.Build.0 = Release|Any CPU
		{D182E059-C408-4EE4-81B7-01AC4B438CC5}.AppStore|ARM.ActiveCfg = Release|Any CPU
		{D182E059-C408-4EE4-81B7-01AC4B438CC5}.AppStore|ARM.Build.0 = Release|Any CPU
		{D182E059-C408-4EE4-81B7-01AC4B438CC5}.AppStore|x64.ActiveCfg = Release|Any CPU
		{D182E059-C408-4EE4-81B7-01AC4B438CC5}.AppStore|x64.Build.0 = Release|Any CPU
		{D182E059-C408-4EE4-81B7-01AC4B438CC5}.AppStore|x86.ActiveCfg = Release|Any CPU
		{D182E059-C408-4EE4-81B7-01AC4B438CC5}.AppStore|x86.Build.0 = Release|Any CPU
		{D182E059-C408-4EE4-81B7-01AC4B438CC5}.Debug|Any CPU.ActiveCfg = Debug|Any CPU
		{D182E059-C408-4EE4-81B7-01AC4B438CC5}.Debug|Any CPU.Build.0 = Debug|Any CPU
		{D182E059-C408-4EE4-81B7-01AC4B438CC5}.Debug|ARM.ActiveCfg = Debug|Any CPU
		{D182E059-C408-4EE4-81B7-01AC4B438CC5}.Debug|ARM.Build.0 = Debug|Any CPU
		{D182E059-C408-4EE4-81B7-01AC4B438CC5}.Debug|x64.ActiveCfg = Debug|Any CPU
		{D182E059-C408-4EE4-81B7-01AC4B438CC5}.Debug|x64.Build.0 = Debug|Any CPU
		{D182E059-C408-4EE4-81B7-01AC4B438CC5}.Debug|x86.ActiveCfg = Debug|Any CPU
		{D182E059-C408-4EE4-81B7-01AC4B438CC5}.Debug|x86.Build.0 = Debug|Any CPU
		{D182E059-C408-4EE4-81B7-01AC4B438CC5}.Release|Any CPU.ActiveCfg = Release|Any CPU
		{D182E059-C408-4EE4-81B7-01AC4B438CC5}.Release|Any CPU.Build.0 = Release|Any CPU
		{D182E059-C408-4EE4-81B7-01AC4B438CC5}.Release|ARM.ActiveCfg = Release|Any CPU
		{D182E059-C408-4EE4-81B7-01AC4B438CC5}.Release|ARM.Build.0 = Release|Any CPU
		{D182E059-C408-4EE4-81B7-01AC4B438CC5}.Release|x64.ActiveCfg = Release|Any CPU
		{D182E059-C408-4EE4-81B7-01AC4B438CC5}.Release|x64.Build.0 = Release|Any CPU
		{D182E059-C408-4EE4-81B7-01AC4B438CC5}.Release|x86.ActiveCfg = Release|Any CPU
		{D182E059-C408-4EE4-81B7-01AC4B438CC5}.Release|x86.Build.0 = Release|Any CPU
		{D7E013C3-5EB1-4AF9-AB31-A6A1FDA44E90}.AppStore|Any CPU.ActiveCfg = Release|x64
		{D7E013C3-5EB1-4AF9-AB31-A6A1FDA44E90}.AppStore|Any CPU.Build.0 = Release|x64
		{D7E013C3-5EB1-4AF9-AB31-A6A1FDA44E90}.AppStore|Any CPU.Deploy.0 = Release|x64
		{D7E013C3-5EB1-4AF9-AB31-A6A1FDA44E90}.AppStore|ARM.ActiveCfg = Release|ARM
		{D7E013C3-5EB1-4AF9-AB31-A6A1FDA44E90}.AppStore|ARM.Build.0 = Release|ARM
		{D7E013C3-5EB1-4AF9-AB31-A6A1FDA44E90}.AppStore|ARM.Deploy.0 = Release|ARM
		{D7E013C3-5EB1-4AF9-AB31-A6A1FDA44E90}.AppStore|x64.ActiveCfg = Release|x64
		{D7E013C3-5EB1-4AF9-AB31-A6A1FDA44E90}.AppStore|x64.Build.0 = Release|x64
		{D7E013C3-5EB1-4AF9-AB31-A6A1FDA44E90}.AppStore|x64.Deploy.0 = Release|x64
		{D7E013C3-5EB1-4AF9-AB31-A6A1FDA44E90}.AppStore|x86.ActiveCfg = Release|x86
		{D7E013C3-5EB1-4AF9-AB31-A6A1FDA44E90}.AppStore|x86.Build.0 = Release|x86
		{D7E013C3-5EB1-4AF9-AB31-A6A1FDA44E90}.AppStore|x86.Deploy.0 = Release|x86
		{D7E013C3-5EB1-4AF9-AB31-A6A1FDA44E90}.Debug|Any CPU.ActiveCfg = Debug|x86
		{D7E013C3-5EB1-4AF9-AB31-A6A1FDA44E90}.Debug|ARM.ActiveCfg = Debug|ARM
		{D7E013C3-5EB1-4AF9-AB31-A6A1FDA44E90}.Debug|ARM.Build.0 = Debug|ARM
		{D7E013C3-5EB1-4AF9-AB31-A6A1FDA44E90}.Debug|ARM.Deploy.0 = Debug|ARM
		{D7E013C3-5EB1-4AF9-AB31-A6A1FDA44E90}.Debug|x64.ActiveCfg = Debug|x64
		{D7E013C3-5EB1-4AF9-AB31-A6A1FDA44E90}.Debug|x64.Build.0 = Debug|x64
		{D7E013C3-5EB1-4AF9-AB31-A6A1FDA44E90}.Debug|x64.Deploy.0 = Debug|x64
		{D7E013C3-5EB1-4AF9-AB31-A6A1FDA44E90}.Debug|x86.ActiveCfg = Debug|x86
		{D7E013C3-5EB1-4AF9-AB31-A6A1FDA44E90}.Debug|x86.Build.0 = Debug|x86
		{D7E013C3-5EB1-4AF9-AB31-A6A1FDA44E90}.Debug|x86.Deploy.0 = Debug|x86
		{D7E013C3-5EB1-4AF9-AB31-A6A1FDA44E90}.Release|Any CPU.ActiveCfg = Release|x86
		{D7E013C3-5EB1-4AF9-AB31-A6A1FDA44E90}.Release|ARM.ActiveCfg = Release|ARM
		{D7E013C3-5EB1-4AF9-AB31-A6A1FDA44E90}.Release|ARM.Build.0 = Release|ARM
		{D7E013C3-5EB1-4AF9-AB31-A6A1FDA44E90}.Release|ARM.Deploy.0 = Release|ARM
		{D7E013C3-5EB1-4AF9-AB31-A6A1FDA44E90}.Release|x64.ActiveCfg = Release|x64
		{D7E013C3-5EB1-4AF9-AB31-A6A1FDA44E90}.Release|x64.Build.0 = Release|x64
		{D7E013C3-5EB1-4AF9-AB31-A6A1FDA44E90}.Release|x64.Deploy.0 = Release|x64
		{D7E013C3-5EB1-4AF9-AB31-A6A1FDA44E90}.Release|x86.ActiveCfg = Release|x86
		{D7E013C3-5EB1-4AF9-AB31-A6A1FDA44E90}.Release|x86.Build.0 = Release|x86
		{D7E013C3-5EB1-4AF9-AB31-A6A1FDA44E90}.Release|x86.Deploy.0 = Release|x86
	EndGlobalSection
	GlobalSection(SolutionProperties) = preSolution
		HideSolutionNode = FALSE
	EndGlobalSection
	GlobalSection(NestedProjects) = preSolution
		{2C13C7C5-AFF2-4DCF-B636-9A24E925ACA7} = {EFA9F083-4AA5-4910-96C4-177E1A1082E4}
		{5F1279DB-467D-4452-BB3F-B4C4A32F999F} = {C37CAF40-9C38-4437-8910-2772A46098F7}
		{D6BE718A-762F-47AD-9FCF-E3C85E3AEFF3} = {C37CAF40-9C38-4437-8910-2772A46098F7}
		{BA833DB0-F146-4147-B301-765D4ED0FDB8} = {C37CAF40-9C38-4437-8910-2772A46098F7}
		{5708562C-DB7D-4930-9B82-2E51B3774110} = {C37CAF40-9C38-4437-8910-2772A46098F7}
		{D182E059-C408-4EE4-81B7-01AC4B438CC5} = {4A5BCF1D-BEBF-470A-AF9F-F94AC45FA355}
		{D7E013C3-5EB1-4AF9-AB31-A6A1FDA44E90} = {4A5BCF1D-BEBF-470A-AF9F-F94AC45FA355}
	EndGlobalSection
EndGlobal
